jobs:
  - job: BOOTS_ENVIRONMENTS
    displayName: BOOTS_ENVIRONMENTS
    steps:
      - bash: |
          echo '##vso[task.setvariable variable=v;isOutput=true]redgreenblue'
        displayName: v

  - template: azure/templates/jobs/get_input_archive.yml
    parameters:
      job: get_input_archive

  - template: azure/templates/jobs/run_command.yml
    parameters:
      dependsOn: get_input_archive
